
Microsoft Visual Studio Solution File, Format Version 12.00
# Visual Studio Version 16
VisualStudioVersion = 16.0.33214.272
MinimumVisualStudioVersion = 10.0.40219.1
Project("{FAE04EC0-301F-11D3-BF4B-00C04F79EFBC}") = "TextMessage", "message\TextMessage.csproj", "{9C473484-7F2E-446D-87A2-9A1271A662CA}"
EndProject
Global
	GlobalSection(SolutionConfigurationPlatforms) = preSolution
		Debug|Any CPU = Debug|Any CPU
		Release|Any CPU = Release|Any CPU
	EndGlobalSection
	GlobalSection(ProjectConfigurationPlatforms) = postSolution
		{9C473484-7F2E-446D-87A2-9A1271A662CA}.Debug|Any CPU.ActiveCfg = Debug|Any CPU
		{9C473484-7F2E-446D-87A2-9A1271A662CA}.Debug|Any CPU.Build.0 = Debug|Any CPU
		{9C473484-7F2E-446D-87A2-9A1271A662CA}.Release|Any CPU.ActiveCfg = Release|Any CPU
		{9C473484-7F2E-446D-87A2-9A1271A662CA}.Release|Any CPU.Build.0 = Release|Any CPU
	EndGlobalSection
	GlobalSection(SolutionProperties) = preSolution
		HideSolutionNode = FALSE
	EndGlobalSection
	GlobalSection(ExtensibilityGlobals) = postSolution
		SolutionGuid = {743FAB5A-85F1-4456-91C8-FB5815E9B9AC}
	EndGlobalSection
EndGlobal
